
Microsoft Visual Studio Solution File, Format Version 12.00
# Visual Studio Version 16
VisualStudioVersion = 16.0.31112.23
MinimumVisualStudioVersion = 10.0.40219.1
Project("{FAE04EC0-301F-11D3-BF4B-00C04F79EFBC}") = "BOXVR Playlist Manager", "BOXVR Playlist Manager\BOXVR Playlist Manager.csproj", "{7384CEB2-7BFF-4127-BF84-A145C3422CED}"
EndProject
Project("{9A19103F-16F7-4668-BE54-9A1E7A4F7556}") = "BoxVRPlaylistManagerNETCore", "BoxVRPlaylistManagerNETCore\BoxVRPlaylistManagerNETCore.csproj", "{CDB99F3A-0C5F-4E4B-9A2C-57340389B0B5}"
EndProject
Project("{9A19103F-16F7-4668-BE54-9A1E7A4F7556}") = "SpotiSharp", "..\SpotiSharp\SpotiSharp.csproj", "{AFB48153-F9A2-49C2-9BE8-2F1F8EAD058D}"
EndProject
Global
	GlobalSection(SolutionConfigurationPlatforms) = preSolution
		Debug|Any CPU = Debug|Any CPU
		Publish|Any CPU = Publish|Any CPU
		Release|Any CPU = Release|Any CPU
	EndGlobalSection
	GlobalSection(ProjectConfigurationPlatforms) = postSolution
		{7384CEB2-7BFF-4127-BF84-A145C3422CED}.Debug|Any CPU.ActiveCfg = Debug|Any CPU
		{7384CEB2-7BFF-4127-BF84-A145C3422CED}.Debug|Any CPU.Build.0 = Debug|Any CPU
		{7384CEB2-7BFF-4127-BF84-A145C3422CED}.Publish|Any CPU.ActiveCfg = Publish|Any CPU
		{7384CEB2-7BFF-4127-BF84-A145C3422CED}.Publish|Any CPU.Build.0 = Publish|Any CPU
		{7384CEB2-7BFF-4127-BF84-A145C3422CED}.Release|Any CPU.ActiveCfg = Release|Any CPU
		{7384CEB2-7BFF-4127-BF84-A145C3422CED}.Release|Any CPU.Build.0 = Release|Any CPU
		{CDB99F3A-0C5F-4E4B-9A2C-57340389B0B5}.Debug|Any CPU.ActiveCfg = Debug|Any CPU
		{CDB99F3A-0C5F-4E4B-9A2C-57340389B0B5}.Debug|Any CPU.Build.0 = Debug|Any CPU
		{CDB99F3A-0C5F-4E4B-9A2C-57340389B0B5}.Publish|Any CPU.ActiveCfg = Debug|Any CPU
		{CDB99F3A-0C5F-4E4B-9A2C-57340389B0B5}.Publish|Any CPU.Build.0 = Debug|Any CPU
		{CDB99F3A-0C5F-4E4B-9A2C-57340389B0B5}.Release|Any CPU.ActiveCfg = Release|Any CPU
		{CDB99F3A-0C5F-4E4B-9A2C-57340389B0B5}.Release|Any CPU.Build.0 = Release|Any CPU
		{AFB48153-F9A2-49C2-9BE8-2F1F8EAD058D}.Debug|Any CPU.ActiveCfg = Debug|Any CPU
		{AFB48153-F9A2-49C2-9BE8-2F1F8EAD058D}.Debug|Any CPU.Build.0 = Debug|Any CPU
		{AFB48153-F9A2-49C2-9BE8-2F1F8EAD058D}.Publish|Any CPU.ActiveCfg = Debug|Any CPU
		{AFB48153-F9A2-49C2-9BE8-2F1F8EAD058D}.Publish|Any CPU.Build.0 = Debug|Any CPU
		{AFB48153-F9A2-49C2-9BE8-2F1F8EAD058D}.Release|Any CPU.ActiveCfg = Release|Any CPU
		{AFB48153-F9A2-49C2-9BE8-2F1F8EAD058D}.Release|Any CPU.Build.0 = Release|Any CPU
	EndGlobalSection
	GlobalSection(SolutionProperties) = preSolution
		HideSolutionNode = FALSE
	EndGlobalSection
	GlobalSection(ExtensibilityGlobals) = postSolution
		SolutionGuid = {AB3EA5EA-25BA-4711-97ED-E652140DB7F8}
	EndGlobalSection
EndGlobal
