
Microsoft Visual Studio Solution File, Format Version 12.00
# Visual Studio 15
VisualStudioVersion = 15.0.28010.2048
MinimumVisualStudioVersion = 10.0.40219.1
Project("{FAE04EC0-301F-11D3-BF4B-00C04F79EFBC}") = "BOXVR Playlist Manager", "BOXVR Playlist Manager\BOXVR Playlist Manager.csproj", "{7384CEB2-7BFF-4127-BF84-A145C3422CED}"
EndProject
Global
	GlobalSection(SolutionConfigurationPlatforms) = preSolution
		Debug|Any CPU = Debug|Any CPU
		Publish|Any CPU = Publish|Any CPU
		Release|Any CPU = Release|Any CPU
	EndGlobalSection
	GlobalSection(ProjectConfigurationPlatforms) = postSolution
		{7384CEB2-7BFF-4127-BF84-A145C3422CED}.Debug|Any CPU.ActiveCfg = Debug|Any CPU
		{7384CEB2-7BFF-4127-BF84-A145C3422CED}.Debug|Any CPU.Build.0 = Debug|Any CPU
		{7384CEB2-7BFF-4127-BF84-A145C3422CED}.Publish|Any CPU.ActiveCfg = Publish|Any CPU
		{7384CEB2-7BFF-4127-BF84-A145C3422CED}.Publish|Any CPU.Build.0 = Publish|Any CPU
		{7384CEB2-7BFF-4127-BF84-A145C3422CED}.Release|Any CPU.ActiveCfg = Release|Any CPU
		{7384CEB2-7BFF-4127-BF84-A145C3422CED}.Release|Any CPU.Build.0 = Release|Any CPU
	EndGlobalSection
	GlobalSection(SolutionProperties) = preSolution
		HideSolutionNode = FALSE
	EndGlobalSection
	GlobalSection(ExtensibilityGlobals) = postSolution
		SolutionGuid = {AB3EA5EA-25BA-4711-97ED-E652140DB7F8}
	EndGlobalSection
EndGlobal
